// !$*UTF8*$!
{
	archiveVersion = 1;
	classes = {
	};
	objectVersion = 46;
	objects = {

/* Begin PBXBuildFile section */
		49D6A2B11EB22A450016FCCE /* Identifiers.swift in Sources */ = {isa = PBXBuildFile; fileRef = 49D6A2B01EB22A450016FCCE /* Identifiers.swift */; };
		7C17EBC81EB79243002575B0 /* MeVC.swift in Sources */ = {isa = PBXBuildFile; fileRef = 7CD6DF751EB0A3BC005F3FE4 /* MeVC.swift */; };
		7C6966CE1EB79E8D0090703D /* Extensions.swift in Sources */ = {isa = PBXBuildFile; fileRef = 7C6966CD1EB79E8D0090703D /* Extensions.swift */; };
		7C6966D01EB79EE80090703D /* TabBar.swift in Sources */ = {isa = PBXBuildFile; fileRef = 7C6966CF1EB79EE80090703D /* TabBar.swift */; };
		7C9C22FB1EB5DB6D00D8C5D2 /* SettingsTVC.swift in Sources */ = {isa = PBXBuildFile; fileRef = 7C9C22FA1EB5DB6D00D8C5D2 /* SettingsTVC.swift */; };
		7C9C23001EB5DB9B00D8C5D2 /* RoundButton.swift in Sources */ = {isa = PBXBuildFile; fileRef = 7C9C22FF1EB5DB9B00D8C5D2 /* RoundButton.swift */; };
		7C9C23021EB607C700D8C5D2 /* UserPhotoImageView.swift in Sources */ = {isa = PBXBuildFile; fileRef = 7C9C23011EB607C700D8C5D2 /* UserPhotoImageView.swift */; };
		7CD27D4A1EB916F2006C2228 /* CalendarVC.swift in Sources */ = {isa = PBXBuildFile; fileRef = 7CD27D491EB916F2006C2228 /* CalendarVC.swift */; };
		7CD27D4E1EB91747006C2228 /* WorkoutVC.swift in Sources */ = {isa = PBXBuildFile; fileRef = 7CD27D4D1EB91747006C2228 /* WorkoutVC.swift */; };
		7CD6DF5C1EB0A274005F3FE4 /* AppDelegate.swift in Sources */ = {isa = PBXBuildFile; fileRef = 7CD6DF5B1EB0A274005F3FE4 /* AppDelegate.swift */; };
		7CD6DF611EB0A274005F3FE4 /* Main.storyboard in Resources */ = {isa = PBXBuildFile; fileRef = 7CD6DF5F1EB0A274005F3FE4 /* Main.storyboard */; };
		7CD6DF631EB0A274005F3FE4 /* Assets.xcassets in Resources */ = {isa = PBXBuildFile; fileRef = 7CD6DF621EB0A274005F3FE4 /* Assets.xcassets */; };
		7CD6DF661EB0A274005F3FE4 /* LaunchScreen.storyboard in Resources */ = {isa = PBXBuildFile; fileRef = 7CD6DF641EB0A274005F3FE4 /* LaunchScreen.storyboard */; };
		7CD6DF6E1EB0A36D005F3FE4 /* GoogleService-Info.plist in Resources */ = {isa = PBXBuildFile; fileRef = 7CD6DF6D1EB0A36D005F3FE4 /* GoogleService-Info.plist */; };
		7CD6DF701EB0A392005F3FE4 /* WelcomeVC.swift in Sources */ = {isa = PBXBuildFile; fileRef = 7CD6DF6F1EB0A392005F3FE4 /* WelcomeVC.swift */; };
		7CD6DF721EB0A3A8005F3FE4 /* LogInVC.swift in Sources */ = {isa = PBXBuildFile; fileRef = 7CD6DF711EB0A3A8005F3FE4 /* LogInVC.swift */; };
		FB8749330DD0137DE5FDEF23 /* Pods_Fitkeeper.framework in Frameworks */ = {isa = PBXBuildFile; fileRef = D90C78045DAB69221EA0B0E1 /* Pods_Fitkeeper.framework */; };
/* End PBXBuildFile section */

/* Begin PBXFileReference section */
		49D6A2B01EB22A450016FCCE /* Identifiers.swift */ = {isa = PBXFileReference; fileEncoding = 4; lastKnownFileType = sourcecode.swift; path = Identifiers.swift; sourceTree = "<group>"; };
		7C6966CD1EB79E8D0090703D /* Extensions.swift */ = {isa = PBXFileReference; fileEncoding = 4; lastKnownFileType = sourcecode.swift; path = Extensions.swift; sourceTree = "<group>"; };
		7C6966CF1EB79EE80090703D /* TabBar.swift */ = {isa = PBXFileReference; fileEncoding = 4; lastKnownFileType = sourcecode.swift; path = TabBar.swift; sourceTree = "<group>"; };
		7C9C22FA1EB5DB6D00D8C5D2 /* SettingsTVC.swift */ = {isa = PBXFileReference; fileEncoding = 4; lastKnownFileType = sourcecode.swift; path = SettingsTVC.swift; sourceTree = "<group>"; };
		7C9C22FF1EB5DB9B00D8C5D2 /* RoundButton.swift */ = {isa = PBXFileReference; fileEncoding = 4; lastKnownFileType = sourcecode.swift; path = RoundButton.swift; sourceTree = "<group>"; };
		7C9C23011EB607C700D8C5D2 /* UserPhotoImageView.swift */ = {isa = PBXFileReference; fileEncoding = 4; lastKnownFileType = sourcecode.swift; path = UserPhotoImageView.swift; sourceTree = "<group>"; };
		7C9C23051EB615E800D8C5D2 /* Fitkeeper-Bridging-Header.h */ = {isa = PBXFileReference; lastKnownFileType = sourcecode.c.h; path = "Fitkeeper-Bridging-Header.h"; sourceTree = "<group>"; };
		7CD27D491EB916F2006C2228 /* CalendarVC.swift */ = {isa = PBXFileReference; fileEncoding = 4; lastKnownFileType = sourcecode.swift; path = CalendarVC.swift; sourceTree = "<group>"; };
		7CD27D4D1EB91747006C2228 /* WorkoutVC.swift */ = {isa = PBXFileReference; fileEncoding = 4; lastKnownFileType = sourcecode.swift; path = WorkoutVC.swift; sourceTree = "<group>"; };
		7CD6DF581EB0A274005F3FE4 /* Fitkeeper.app */ = {isa = PBXFileReference; explicitFileType = wrapper.application; includeInIndex = 0; path = Fitkeeper.app; sourceTree = BUILT_PRODUCTS_DIR; };
		7CD6DF5B1EB0A274005F3FE4 /* AppDelegate.swift */ = {isa = PBXFileReference; lastKnownFileType = sourcecode.swift; path = AppDelegate.swift; sourceTree = "<group>"; };
		7CD6DF601EB0A274005F3FE4 /* Base */ = {isa = PBXFileReference; lastKnownFileType = file.storyboard; name = Base; path = Base.lproj/Main.storyboard; sourceTree = "<group>"; };
		7CD6DF621EB0A274005F3FE4 /* Assets.xcassets */ = {isa = PBXFileReference; lastKnownFileType = folder.assetcatalog; path = Assets.xcassets; sourceTree = "<group>"; };
		7CD6DF651EB0A274005F3FE4 /* Base */ = {isa = PBXFileReference; lastKnownFileType = file.storyboard; name = Base; path = Base.lproj/LaunchScreen.storyboard; sourceTree = "<group>"; };
		7CD6DF671EB0A274005F3FE4 /* Info.plist */ = {isa = PBXFileReference; lastKnownFileType = text.plist.xml; path = Info.plist; sourceTree = "<group>"; };
		7CD6DF6D1EB0A36D005F3FE4 /* GoogleService-Info.plist */ = {isa = PBXFileReference; fileEncoding = 4; lastKnownFileType = text.plist.xml; path = "GoogleService-Info.plist"; sourceTree = "<group>"; };
		7CD6DF6F1EB0A392005F3FE4 /* WelcomeVC.swift */ = {isa = PBXFileReference; fileEncoding = 4; lastKnownFileType = sourcecode.swift; path = WelcomeVC.swift; sourceTree = "<group>"; };
		7CD6DF711EB0A3A8005F3FE4 /* LogInVC.swift */ = {isa = PBXFileReference; fileEncoding = 4; lastKnownFileType = sourcecode.swift; path = LogInVC.swift; sourceTree = "<group>"; };
		7CD6DF751EB0A3BC005F3FE4 /* MeVC.swift */ = {isa = PBXFileReference; fileEncoding = 4; lastKnownFileType = sourcecode.swift; path = MeVC.swift; sourceTree = "<group>"; };
		A932A4086E0803BB4A751252 /* Pods-Fitkeeper.release.xcconfig */ = {isa = PBXFileReference; includeInIndex = 1; lastKnownFileType = text.xcconfig; name = "Pods-Fitkeeper.release.xcconfig"; path = "Pods/Target Support Files/Pods-Fitkeeper/Pods-Fitkeeper.release.xcconfig"; sourceTree = "<group>"; };
		C9416FEA4F2CA10BB29CE839 /* Pods-Fitkeeper.debug.xcconfig */ = {isa = PBXFileReference; includeInIndex = 1; lastKnownFileType = text.xcconfig; name = "Pods-Fitkeeper.debug.xcconfig"; path = "Pods/Target Support Files/Pods-Fitkeeper/Pods-Fitkeeper.debug.xcconfig"; sourceTree = "<group>"; };
		D90C78045DAB69221EA0B0E1 /* Pods_Fitkeeper.framework */ = {isa = PBXFileReference; explicitFileType = wrapper.framework; includeInIndex = 0; path = Pods_Fitkeeper.framework; sourceTree = BUILT_PRODUCTS_DIR; };
/* End PBXFileReference section */

/* Begin PBXFrameworksBuildPhase section */
		7CD6DF551EB0A273005F3FE4 /* Frameworks */ = {
			isa = PBXFrameworksBuildPhase;
			buildActionMask = 2147483647;
			files = (
				FB8749330DD0137DE5FDEF23 /* Pods_Fitkeeper.framework in Frameworks */,
			);
			runOnlyForDeploymentPostprocessing = 0;
		};
/* End PBXFrameworksBuildPhase section */

/* Begin PBXGroup section */
		0B91F9FAE0191E3414DCFEFC /* Pods */ = {
			isa = PBXGroup;
			children = (
				C9416FEA4F2CA10BB29CE839 /* Pods-Fitkeeper.debug.xcconfig */,
				A932A4086E0803BB4A751252 /* Pods-Fitkeeper.release.xcconfig */,
			);
			name = Pods;
			sourceTree = "<group>";
		};
		7C6966CC1EB79E860090703D /* Helpers */ = {
			isa = PBXGroup;
			children = (
				7C9C23051EB615E800D8C5D2 /* Fitkeeper-Bridging-Header.h */,
				49D6A2B01EB22A450016FCCE /* Identifiers.swift */,
				7C6966CD1EB79E8D0090703D /* Extensions.swift */,
			);
			name = Helpers;
			sourceTree = "<group>";
		};
		7C9C22FC1EB5DB7100D8C5D2 /* Model */ = {
			isa = PBXGroup;
			children = (
			);
			name = Model;
			sourceTree = "<group>";
		};
		7C9C22FD1EB5DB7500D8C5D2 /* View */ = {
			isa = PBXGroup;
			children = (
				7C9C23011EB607C700D8C5D2 /* UserPhotoImageView.swift */,
				7C9C22FF1EB5DB9B00D8C5D2 /* RoundButton.swift */,
				7C6966CF1EB79EE80090703D /* TabBar.swift */,
			);
			name = View;
			sourceTree = "<group>";
		};
		7C9C22FE1EB5DB7A00D8C5D2 /* Controller */ = {
			isa = PBXGroup;
			children = (
				7CD27D4B1EB916FA006C2228 /* Login */,
				7CD27D4C1EB91702006C2228 /* Tabs */,
				7C9C22FA1EB5DB6D00D8C5D2 /* SettingsTVC.swift */,
			);
			name = Controller;
			sourceTree = "<group>";
		};
		7CD27D4B1EB916FA006C2228 /* Login */ = {
			isa = PBXGroup;
			children = (
				7CD6DF6F1EB0A392005F3FE4 /* WelcomeVC.swift */,
				7CD6DF711EB0A3A8005F3FE4 /* LogInVC.swift */,
			);
			name = Login;
			sourceTree = "<group>";
		};
		7CD27D4C1EB91702006C2228 /* Tabs */ = {
			isa = PBXGroup;
			children = (
				7CD27D491EB916F2006C2228 /* CalendarVC.swift */,
				7CD6DF751EB0A3BC005F3FE4 /* MeVC.swift */,
				7CD27D4D1EB91747006C2228 /* WorkoutVC.swift */,
			);
			name = Tabs;
			sourceTree = "<group>";
		};
		7CD6DF4F1EB0A273005F3FE4 = {
			isa = PBXGroup;
			children = (
				7CD6DF5A1EB0A274005F3FE4 /* Fitkeeper */,
				7CD6DF591EB0A274005F3FE4 /* Products */,
				0B91F9FAE0191E3414DCFEFC /* Pods */,
				8F0BD996562CFBD2147A5138 /* Frameworks */,
			);
			sourceTree = "<group>";
		};
		7CD6DF591EB0A274005F3FE4 /* Products */ = {
			isa = PBXGroup;
			children = (
				7CD6DF581EB0A274005F3FE4 /* Fitkeeper.app */,
			);
			name = Products;
			sourceTree = "<group>";
		};
		7CD6DF5A1EB0A274005F3FE4 /* Fitkeeper */ = {
			isa = PBXGroup;
			children = (
				7C6966CC1EB79E860090703D /* Helpers */,
				7C9C22FC1EB5DB7100D8C5D2 /* Model */,
				7C9C22FD1EB5DB7500D8C5D2 /* View */,
				7C9C22FE1EB5DB7A00D8C5D2 /* Controller */,
				7CD6DF5B1EB0A274005F3FE4 /* AppDelegate.swift */,
				7CD6DF5F1EB0A274005F3FE4 /* Main.storyboard */,
				7CD6DF621EB0A274005F3FE4 /* Assets.xcassets */,
				7CD6DF641EB0A274005F3FE4 /* LaunchScreen.storyboard */,
				7CD6DF6D1EB0A36D005F3FE4 /* GoogleService-Info.plist */,
				7CD6DF671EB0A274005F3FE4 /* Info.plist */,
			);
			path = Fitkeeper;
			sourceTree = "<group>";
		};
		8F0BD996562CFBD2147A5138 /* Frameworks */ = {
			isa = PBXGroup;
			children = (
				D90C78045DAB69221EA0B0E1 /* Pods_Fitkeeper.framework */,
			);
			name = Frameworks;
			sourceTree = "<group>";
		};
/* End PBXGroup section */

/* Begin PBXNativeTarget section */
		7CD6DF571EB0A273005F3FE4 /* Fitkeeper */ = {
			isa = PBXNativeTarget;
			buildConfigurationList = 7CD6DF6A1EB0A274005F3FE4 /* Build configuration list for PBXNativeTarget "Fitkeeper" */;
			buildPhases = (
				F6BDE6081C247DC3452455B5 /* [CP] Check Pods Manifest.lock */,
				7CD6DF541EB0A273005F3FE4 /* Sources */,
				7CD6DF551EB0A273005F3FE4 /* Frameworks */,
				7CD6DF561EB0A273005F3FE4 /* Resources */,
				DD4526BFD8BEDAE2FB19AF30 /* [CP] Embed Pods Frameworks */,
				E70BCCCEBB9830F2B6D66100 /* [CP] Copy Pods Resources */,
			);
			buildRules = (
			);
			dependencies = (
			);
			name = Fitkeeper;
			productName = Fitkeeper;
			productReference = 7CD6DF581EB0A274005F3FE4 /* Fitkeeper.app */;
			productType = "com.apple.product-type.application";
		};
/* End PBXNativeTarget section */

/* Begin PBXProject section */
		7CD6DF501EB0A273005F3FE4 /* Project object */ = {
			isa = PBXProject;
			attributes = {
				LastSwiftUpdateCheck = 0820;
				LastUpgradeCheck = 0820;
				ORGANIZATIONNAME = Erik;
				TargetAttributes = {
					7CD6DF571EB0A273005F3FE4 = {
						CreatedOnToolsVersion = 8.2.1;
						DevelopmentTeam = 2G79FANPK5;
						LastSwiftMigration = 0820;
						ProvisioningStyle = Automatic;
					};
				};
			};
			buildConfigurationList = 7CD6DF531EB0A273005F3FE4 /* Build configuration list for PBXProject "Fitkeeper" */;
			compatibilityVersion = "Xcode 3.2";
			developmentRegion = English;
			hasScannedForEncodings = 0;
			knownRegions = (
				en,
				Base,
			);
			mainGroup = 7CD6DF4F1EB0A273005F3FE4;
			productRefGroup = 7CD6DF591EB0A274005F3FE4 /* Products */;
			projectDirPath = "";
			projectRoot = "";
			targets = (
				7CD6DF571EB0A273005F3FE4 /* Fitkeeper */,
			);
		};
/* End PBXProject section */

/* Begin PBXResourcesBuildPhase section */
		7CD6DF561EB0A273005F3FE4 /* Resources */ = {
			isa = PBXResourcesBuildPhase;
			buildActionMask = 2147483647;
			files = (
				7CD6DF661EB0A274005F3FE4 /* LaunchScreen.storyboard in Resources */,
				7CD6DF6E1EB0A36D005F3FE4 /* GoogleService-Info.plist in Resources */,
				7CD6DF631EB0A274005F3FE4 /* Assets.xcassets in Resources */,
				7CD6DF611EB0A274005F3FE4 /* Main.storyboard in Resources */,
			);
			runOnlyForDeploymentPostprocessing = 0;
		};
/* End PBXResourcesBuildPhase section */

/* Begin PBXShellScriptBuildPhase section */
		DD4526BFD8BEDAE2FB19AF30 /* [CP] Embed Pods Frameworks */ = {
			isa = PBXShellScriptBuildPhase;
			buildActionMask = 2147483647;
			files = (
			);
			inputPaths = (
			);
			name = "[CP] Embed Pods Frameworks";
			outputPaths = (
			);
			runOnlyForDeploymentPostprocessing = 0;
			shellPath = /bin/sh;
			shellScript = "\"${SRCROOT}/Pods/Target Support Files/Pods-Fitkeeper/Pods-Fitkeeper-frameworks.sh\"\n";
			showEnvVarsInLog = 0;
		};
		E70BCCCEBB9830F2B6D66100 /* [CP] Copy Pods Resources */ = {
			isa = PBXShellScriptBuildPhase;
			buildActionMask = 2147483647;
			files = (
			);
			inputPaths = (
			);
			name = "[CP] Copy Pods Resources";
			outputPaths = (
			);
			runOnlyForDeploymentPostprocessing = 0;
			shellPath = /bin/sh;
			shellScript = "\"${SRCROOT}/Pods/Target Support Files/Pods-Fitkeeper/Pods-Fitkeeper-resources.sh\"\n";
			showEnvVarsInLog = 0;
		};
		F6BDE6081C247DC3452455B5 /* [CP] Check Pods Manifest.lock */ = {
			isa = PBXShellScriptBuildPhase;
			buildActionMask = 2147483647;
			files = (
			);
			inputPaths = (
			);
			name = "[CP] Check Pods Manifest.lock";
			outputPaths = (
			);
			runOnlyForDeploymentPostprocessing = 0;
			shellPath = /bin/sh;
			shellScript = "diff \"${PODS_PODFILE_DIR_PATH}/Podfile.lock\" \"${PODS_ROOT}/Manifest.lock\" > /dev/null\nif [ $? != 0 ] ; then\n    # print error to STDERR\n    echo \"error: The sandbox is not in sync with the Podfile.lock. Run 'pod install' or update your CocoaPods installation.\" >&2\n    exit 1\nfi\n";
			showEnvVarsInLog = 0;
		};
/* End PBXShellScriptBuildPhase section */

/* Begin PBXSourcesBuildPhase section */
		7CD6DF541EB0A273005F3FE4 /* Sources */ = {
			isa = PBXSourcesBuildPhase;
			buildActionMask = 2147483647;
			files = (
				7C17EBC81EB79243002575B0 /* MeVC.swift in Sources */,
				7C6966CE1EB79E8D0090703D /* Extensions.swift in Sources */,
				7CD27D4A1EB916F2006C2228 /* CalendarVC.swift in Sources */,
				7CD6DF5C1EB0A274005F3FE4 /* AppDelegate.swift in Sources */,
				7C9C23021EB607C700D8C5D2 /* UserPhotoImageView.swift in Sources */,
				7C9C23001EB5DB9B00D8C5D2 /* RoundButton.swift in Sources */,
				7CD6DF701EB0A392005F3FE4 /* WelcomeVC.swift in Sources */,
				49D6A2B11EB22A450016FCCE /* Identifiers.swift in Sources */,
				7C9C22FB1EB5DB6D00D8C5D2 /* SettingsTVC.swift in Sources */,
				7CD6DF721EB0A3A8005F3FE4 /* LogInVC.swift in Sources */,
				7CD27D4E1EB91747006C2228 /* WorkoutVC.swift in Sources */,
				7C6966D01EB79EE80090703D /* TabBar.swift in Sources */,
			);
			runOnlyForDeploymentPostprocessing = 0;
		};
/* End PBXSourcesBuildPhase section */

/* Begin PBXVariantGroup section */
		7CD6DF5F1EB0A274005F3FE4 /* Main.storyboard */ = {
			isa = PBXVariantGroup;
			children = (
				7CD6DF601EB0A274005F3FE4 /* Base */,
			);
			name = Main.storyboard;
			sourceTree = "<group>";
		};
		7CD6DF641EB0A274005F3FE4 /* LaunchScreen.storyboard */ = {
			isa = PBXVariantGroup;
			children = (
				7CD6DF651EB0A274005F3FE4 /* Base */,
			);
			name = LaunchScreen.storyboard;
			sourceTree = "<group>";
		};
/* End PBXVariantGroup section */

/* Begin XCBuildConfiguration section */
		7CD6DF681EB0A274005F3FE4 /* Debug */ = {
			isa = XCBuildConfiguration;
			buildSettings = {
				ALWAYS_SEARCH_USER_PATHS = NO;
				CLANG_ANALYZER_NONNULL = YES;
				CLANG_CXX_LANGUAGE_STANDARD = "gnu++0x";
				CLANG_CXX_LIBRARY = "libc++";
				CLANG_ENABLE_MODULES = YES;
				CLANG_ENABLE_OBJC_ARC = YES;
				CLANG_WARN_BOOL_CONVERSION = YES;
				CLANG_WARN_CONSTANT_CONVERSION = YES;
				CLANG_WARN_DIRECT_OBJC_ISA_USAGE = YES_ERROR;
				CLANG_WARN_DOCUMENTATION_COMMENTS = YES;
				CLANG_WARN_EMPTY_BODY = YES;
				CLANG_WARN_ENUM_CONVERSION = YES;
				CLANG_WARN_INFINITE_RECURSION = YES;
				CLANG_WARN_INT_CONVERSION = YES;
				CLANG_WARN_OBJC_ROOT_CLASS = YES_ERROR;
				CLANG_WARN_SUSPICIOUS_MOVE = YES;
				CLANG_WARN_UNREACHABLE_CODE = YES;
				CLANG_WARN__DUPLICATE_METHOD_MATCH = YES;
				"CODE_SIGN_IDENTITY[sdk=iphoneos*]" = "iPhone Developer";
				COPY_PHASE_STRIP = NO;
				DEBUG_INFORMATION_FORMAT = dwarf;
				ENABLE_STRICT_OBJC_MSGSEND = YES;
				ENABLE_TESTABILITY = YES;
				GCC_C_LANGUAGE_STANDARD = gnu99;
				GCC_DYNAMIC_NO_PIC = NO;
				GCC_NO_COMMON_BLOCKS = YES;
				GCC_OPTIMIZATION_LEVEL = 0;
				GCC_PREPROCESSOR_DEFINITIONS = (
					"DEBUG=1",
					"$(inherited)",
				);
				GCC_WARN_64_TO_32_BIT_CONVERSION = YES;
				GCC_WARN_ABOUT_RETURN_TYPE = YES_ERROR;
				GCC_WARN_UNDECLARED_SELECTOR = YES;
				GCC_WARN_UNINITIALIZED_AUTOS = YES_AGGRESSIVE;
				GCC_WARN_UNUSED_FUNCTION = YES;
				GCC_WARN_UNUSED_VARIABLE = YES;
				IPHONEOS_DEPLOYMENT_TARGET = 10.2;
				MTL_ENABLE_DEBUG_INFO = YES;
				ONLY_ACTIVE_ARCH = YES;
				SDKROOT = iphoneos;
				SWIFT_ACTIVE_COMPILATION_CONDITIONS = DEBUG;
				SWIFT_OPTIMIZATION_LEVEL = "-Onone";
			};
			name = Debug;
		};
		7CD6DF691EB0A274005F3FE4 /* Release */ = {
			isa = XCBuildConfiguration;
			buildSettings = {
				ALWAYS_SEARCH_USER_PATHS = NO;
				CLANG_ANALYZER_NONNULL = YES;
				CLANG_CXX_LANGUAGE_STANDARD = "gnu++0x";
				CLANG_CXX_LIBRARY = "libc++";
				CLANG_ENABLE_MODULES = YES;
				CLANG_ENABLE_OBJC_ARC = YES;
				CLANG_WARN_BOOL_CONVERSION = YES;
				CLANG_WARN_CONSTANT_CONVERSION = YES;
				CLANG_WARN_DIRECT_OBJC_ISA_USAGE = YES_ERROR;
				CLANG_WARN_DOCUMENTATION_COMMENTS = YES;
				CLANG_WARN_EMPTY_BODY = YES;
				CLANG_WARN_ENUM_CONVERSION = YES;
				CLANG_WARN_INFINITE_RECURSION = YES;
				CLANG_WARN_INT_CONVERSION = YES;
				CLANG_WARN_OBJC_ROOT_CLASS = YES_ERROR;
				CLANG_WARN_SUSPICIOUS_MOVE = YES;
				CLANG_WARN_UNREACHABLE_CODE = YES;
				CLANG_WARN__DUPLICATE_METHOD_MATCH = YES;
				"CODE_SIGN_IDENTITY[sdk=iphoneos*]" = "iPhone Developer";
				COPY_PHASE_STRIP = NO;
				DEBUG_INFORMATION_FORMAT = "dwarf-with-dsym";
				ENABLE_NS_ASSERTIONS = NO;
				ENABLE_STRICT_OBJC_MSGSEND = YES;
				GCC_C_LANGUAGE_STANDARD = gnu99;
				GCC_NO_COMMON_BLOCKS = YES;
				GCC_WARN_64_TO_32_BIT_CONVERSION = YES;
				GCC_WARN_ABOUT_RETURN_TYPE = YES_ERROR;
				GCC_WARN_UNDECLARED_SELECTOR = YES;
				GCC_WARN_UNINITIALIZED_AUTOS = YES_AGGRESSIVE;
				GCC_WARN_UNUSED_FUNCTION = YES;
				GCC_WARN_UNUSED_VARIABLE = YES;
				IPHONEOS_DEPLOYMENT_TARGET = 10.2;
				MTL_ENABLE_DEBUG_INFO = NO;
				SDKROOT = iphoneos;
				SWIFT_OPTIMIZATION_LEVEL = "-Owholemodule";
				VALIDATE_PRODUCT = YES;
			};
			name = Release;
		};
		7CD6DF6B1EB0A274005F3FE4 /* Debug */ = {
			isa = XCBuildConfiguration;
			baseConfigurationReference = C9416FEA4F2CA10BB29CE839 /* Pods-Fitkeeper.debug.xcconfig */;
			buildSettings = {
				ASSETCATALOG_COMPILER_APPICON_NAME = AppIcon;
				CLANG_ENABLE_MODULES = YES;
				DEVELOPMENT_TEAM = 2G79FANPK5;
				INFOPLIST_FILE = Fitkeeper/Info.plist;
				LD_RUNPATH_SEARCH_PATHS = "$(inherited) @executable_path/Frameworks";
				PRODUCT_BUNDLE_IDENTIFIER = com.erik.Fitkeeper;
				PRODUCT_NAME = "$(TARGET_NAME)";
				SWIFT_OBJC_BRIDGING_HEADER = "Fitkeeper/Fitkeeper-Bridging-Header.h";
				SWIFT_OPTIMIZATION_LEVEL = "-Onone";
				SWIFT_VERSION = 3.0;
				TARGETED_DEVICE_FAMILY = 1;
			};
			name = Debug;
		};
		7CD6DF6C1EB0A274005F3FE4 /* Release */ = {
			isa = XCBuildConfiguration;
			baseConfigurationReference = A932A4086E0803BB4A751252 /* Pods-Fitkeeper.release.xcconfig */;
			buildSettings = {
				ASSETCATALOG_COMPILER_APPICON_NAME = AppIcon;
				CLANG_ENABLE_MODULES = YES;
				DEVELOPMENT_TEAM = 2G79FANPK5;
				INFOPLIST_FILE = Fitkeeper/Info.plist;
				LD_RUNPATH_SEARCH_PATHS = "$(inherited) @executable_path/Frameworks";
				PRODUCT_BUNDLE_IDENTIFIER = com.erik.Fitkeeper;
				PRODUCT_NAME = "$(TARGET_NAME)";
				SWIFT_OBJC_BRIDGING_HEADER = "Fitkeeper/Fitkeeper-Bridging-Header.h";
				SWIFT_VERSION = 3.0;
				TARGETED_DEVICE_FAMILY = 1;
			};
			name = Release;
		};
/* End XCBuildConfiguration section */

/* Begin XCConfigurationList section */
		7CD6DF531EB0A273005F3FE4 /* Build configuration list for PBXProject "Fitkeeper" */ = {
			isa = XCConfigurationList;
			buildConfigurations = (
				7CD6DF681EB0A274005F3FE4 /* Debug */,
				7CD6DF691EB0A274005F3FE4 /* Release */,
			);
			defaultConfigurationIsVisible = 0;
			defaultConfigurationName = Release;
		};
		7CD6DF6A1EB0A274005F3FE4 /* Build configuration list for PBXNativeTarget "Fitkeeper" */ = {
			isa = XCConfigurationList;
			buildConfigurations = (
				7CD6DF6B1EB0A274005F3FE4 /* Debug */,
				7CD6DF6C1EB0A274005F3FE4 /* Release */,
			);
			defaultConfigurationIsVisible = 0;
			defaultConfigurationName = Release;
		};
/* End XCConfigurationList section */
	};
	rootObject = 7CD6DF501EB0A273005F3FE4 /* Project object */;
}
